
Microsoft Visual Studio Solution File, Format Version 12.00
# Visual Studio Version 17
VisualStudioVersion = 17.11.35303.130
MinimumVisualStudioVersion = 10.0.40219.1
Project("{FAE04EC0-301F-11D3-BF4B-00C04F79EFBC}") = "b5", "b5.csproj", "{B290622D-ABF3-4799-B7F1-10F530D68193}"
EndProject
Global
	GlobalSection(SolutionConfigurationPlatforms) = preSolution
		Debug|Any CPU = Debug|Any CPU
		Release|Any CPU = Release|Any CPU
	EndGlobalSection
	GlobalSection(ProjectConfigurationPlatforms) = postSolution
		{B290622D-ABF3-4799-B7F1-10F530D68193}.Debug|Any CPU.ActiveCfg = Debug|Any CPU
		{B290622D-ABF3-4799-B7F1-10F530D68193}.Debug|Any CPU.Build.0 = Debug|Any CPU
		{B290622D-ABF3-4799-B7F1-10F530D68193}.Release|Any CPU.ActiveCfg = Release|Any CPU
		{B290622D-ABF3-4799-B7F1-10F530D68193}.Release|Any CPU.Build.0 = Release|Any CPU
	EndGlobalSection
	GlobalSection(SolutionProperties) = preSolution
		HideSolutionNode = FALSE
	EndGlobalSection
	GlobalSection(ExtensibilityGlobals) = postSolution
		SolutionGuid = {E28E290B-DC42-42E9-8947-1272D3C8A829}
	EndGlobalSection
EndGlobal
